
Microsoft Visual Studio Solution File, Format Version 12.00
# Visual Studio Version 17
VisualStudioVersion = 17.11.35312.102
MinimumVisualStudioVersion = 10.0.40219.1
Project("{9A19103F-16F7-4668-BE54-9A1E7A4F7556}") = "EfCore.API", "EfCore.API\EfCore.API.csproj", "{D5F1F5B9-1374-45A2-931B-686FD92D352F}"
EndProject
Project("{9A19103F-16F7-4668-BE54-9A1E7A4F7556}") = "eCommerce.Models", "eCommerce.Models\eCommerce.Models.csproj", "{9E57A75E-6803-4563-81B3-FD32C0CD5FC3}"
EndProject
Project("{9A19103F-16F7-4668-BE54-9A1E7A4F7556}") = "eCommerce.Models.DataAnnotations", "eCommerce.Models.DataAnnotations\eCommerce.Models.DataAnnotations.csproj", "{413B5324-D730-48C4-A88D-3FFBE1803A77}"
EndProject
Project("{FAE04EC0-301F-11D3-BF4B-00C04F79EFBC}") = "eCommerce.Models.FluentAPI", "eCommerce.Models.FluentAPI\eCommerce.Models.FluentAPI.csproj", "{5E51ADA5-761E-4D00-A73E-821F8442B8BB}"
EndProject
Global
	GlobalSection(SolutionConfigurationPlatforms) = preSolution
		Debug|Any CPU = Debug|Any CPU
		Release|Any CPU = Release|Any CPU
	EndGlobalSection
	GlobalSection(ProjectConfigurationPlatforms) = postSolution
		{D5F1F5B9-1374-45A2-931B-686FD92D352F}.Debug|Any CPU.ActiveCfg = Debug|Any CPU
		{D5F1F5B9-1374-45A2-931B-686FD92D352F}.Debug|Any CPU.Build.0 = Debug|Any CPU
		{D5F1F5B9-1374-45A2-931B-686FD92D352F}.Release|Any CPU.ActiveCfg = Release|Any CPU
		{D5F1F5B9-1374-45A2-931B-686FD92D352F}.Release|Any CPU.Build.0 = Release|Any CPU
		{9E57A75E-6803-4563-81B3-FD32C0CD5FC3}.Debug|Any CPU.ActiveCfg = Debug|Any CPU
		{9E57A75E-6803-4563-81B3-FD32C0CD5FC3}.Debug|Any CPU.Build.0 = Debug|Any CPU
		{9E57A75E-6803-4563-81B3-FD32C0CD5FC3}.Release|Any CPU.ActiveCfg = Release|Any CPU
		{9E57A75E-6803-4563-81B3-FD32C0CD5FC3}.Release|Any CPU.Build.0 = Release|Any CPU
		{413B5324-D730-48C4-A88D-3FFBE1803A77}.Debug|Any CPU.ActiveCfg = Debug|Any CPU
		{413B5324-D730-48C4-A88D-3FFBE1803A77}.Debug|Any CPU.Build.0 = Debug|Any CPU
		{413B5324-D730-48C4-A88D-3FFBE1803A77}.Release|Any CPU.ActiveCfg = Release|Any CPU
		{413B5324-D730-48C4-A88D-3FFBE1803A77}.Release|Any CPU.Build.0 = Release|Any CPU
		{5E51ADA5-761E-4D00-A73E-821F8442B8BB}.Debug|Any CPU.ActiveCfg = Debug|Any CPU
		{5E51ADA5-761E-4D00-A73E-821F8442B8BB}.Debug|Any CPU.Build.0 = Debug|Any CPU
		{5E51ADA5-761E-4D00-A73E-821F8442B8BB}.Release|Any CPU.ActiveCfg = Release|Any CPU
		{5E51ADA5-761E-4D00-A73E-821F8442B8BB}.Release|Any CPU.Build.0 = Release|Any CPU
	EndGlobalSection
	GlobalSection(SolutionProperties) = preSolution
		HideSolutionNode = FALSE
	EndGlobalSection
	GlobalSection(ExtensibilityGlobals) = postSolution
		SolutionGuid = {BEE418BB-D3C2-4DDB-8447-7D4D6E5E755D}
	EndGlobalSection
EndGlobal
